
Microsoft Visual Studio Solution File, Format Version 12.00
# Visual Studio Version 16
VisualStudioVersion = 16.0.30804.86
MinimumVisualStudioVersion = 10.0.40219.1
Project("{FAE04EC0-301F-11D3-BF4B-00C04F79EFBC}") = "ConsoleApp2222", "ConsoleApp2222\ConsoleApp2222.csproj", "{CF2ABB7A-EDEF-47C0-807D-6174C48FA084}"
EndProject
Global
	GlobalSection(SolutionConfigurationPlatforms) = preSolution
		Debug|Any CPU = Debug|Any CPU
		Release|Any CPU = Release|Any CPU
	EndGlobalSection
	GlobalSection(ProjectConfigurationPlatforms) = postSolution
		{CF2ABB7A-EDEF-47C0-807D-6174C48FA084}.Debug|Any CPU.ActiveCfg = Debug|Any CPU
		{CF2ABB7A-EDEF-47C0-807D-6174C48FA084}.Debug|Any CPU.Build.0 = Debug|Any CPU
		{CF2ABB7A-EDEF-47C0-807D-6174C48FA084}.Release|Any CPU.ActiveCfg = Release|Any CPU
		{CF2ABB7A-EDEF-47C0-807D-6174C48FA084}.Release|Any CPU.Build.0 = Release|Any CPU
	EndGlobalSection
	GlobalSection(SolutionProperties) = preSolution
		HideSolutionNode = FALSE
	EndGlobalSection
	GlobalSection(ExtensibilityGlobals) = postSolution
		SolutionGuid = {19C8BD24-2036-4644-BB20-5FE70AF9F572}
	EndGlobalSection
EndGlobal
